
Microsoft Visual Studio Solution File, Format Version 11.00
# Visual Studio 2010
Project("{2150E333-8FDC-42A3-9474-1A3956D46DE8}") = "Solution Items", "Solution Items", "{2B29E93E-2551-49F8-82A7-AAF52131320D}"
	ProjectSection(SolutionItems) = preProject
		Local.testsettings = Local.testsettings
		TraceAndTestImpact.testsettings = TraceAndTestImpact.testsettings
		WordToMarkdown.vsmdi = WordToMarkdown.vsmdi
	EndProjectSection
EndProject
Project("{FAE04EC0-301F-11D3-BF4B-00C04F79EFBC}") = "WordToMarkdown", "WordToMarkdown\WordToMarkdown.csproj", "{D13E335F-EFED-4132-8029-A6B1E98DE2A6}"
EndProject
Project("{FAE04EC0-301F-11D3-BF4B-00C04F79EFBC}") = "WordToMarkdown.Test", "WordToMarkdown.Test\WordToMarkdown.Test.csproj", "{65F8DDDE-D4CE-44F0-AC6A-477A0EECC7A0}"
EndProject
Global
	GlobalSection(TestCaseManagementSettings) = postSolution
		CategoryFile = WordToMarkdown.vsmdi
	EndGlobalSection
	GlobalSection(SolutionConfigurationPlatforms) = preSolution
		Debug|Any CPU = Debug|Any CPU
		Debug|Mixed Platforms = Debug|Mixed Platforms
		Debug|x86 = Debug|x86
		Release|Any CPU = Release|Any CPU
		Release|Mixed Platforms = Release|Mixed Platforms
		Release|x86 = Release|x86
	EndGlobalSection
	GlobalSection(ProjectConfigurationPlatforms) = postSolution
		{D13E335F-EFED-4132-8029-A6B1E98DE2A6}.Debug|Any CPU.ActiveCfg = Debug|x86
		{D13E335F-EFED-4132-8029-A6B1E98DE2A6}.Debug|Mixed Platforms.ActiveCfg = Debug|x86
		{D13E335F-EFED-4132-8029-A6B1E98DE2A6}.Debug|Mixed Platforms.Build.0 = Debug|x86
		{D13E335F-EFED-4132-8029-A6B1E98DE2A6}.Debug|x86.ActiveCfg = Debug|x86
		{D13E335F-EFED-4132-8029-A6B1E98DE2A6}.Debug|x86.Build.0 = Debug|x86
		{D13E335F-EFED-4132-8029-A6B1E98DE2A6}.Release|Any CPU.ActiveCfg = Release|x86
		{D13E335F-EFED-4132-8029-A6B1E98DE2A6}.Release|Mixed Platforms.ActiveCfg = Release|x86
		{D13E335F-EFED-4132-8029-A6B1E98DE2A6}.Release|Mixed Platforms.Build.0 = Release|x86
		{D13E335F-EFED-4132-8029-A6B1E98DE2A6}.Release|x86.ActiveCfg = Release|x86
		{D13E335F-EFED-4132-8029-A6B1E98DE2A6}.Release|x86.Build.0 = Release|x86
		{65F8DDDE-D4CE-44F0-AC6A-477A0EECC7A0}.Debug|Any CPU.ActiveCfg = Debug|Any CPU
		{65F8DDDE-D4CE-44F0-AC6A-477A0EECC7A0}.Debug|Any CPU.Build.0 = Debug|Any CPU
		{65F8DDDE-D4CE-44F0-AC6A-477A0EECC7A0}.Debug|Mixed Platforms.ActiveCfg = Debug|Any CPU
		{65F8DDDE-D4CE-44F0-AC6A-477A0EECC7A0}.Debug|Mixed Platforms.Build.0 = Debug|Any CPU
		{65F8DDDE-D4CE-44F0-AC6A-477A0EECC7A0}.Debug|x86.ActiveCfg = Debug|Any CPU
		{65F8DDDE-D4CE-44F0-AC6A-477A0EECC7A0}.Release|Any CPU.ActiveCfg = Release|Any CPU
		{65F8DDDE-D4CE-44F0-AC6A-477A0EECC7A0}.Release|Any CPU.Build.0 = Release|Any CPU
		{65F8DDDE-D4CE-44F0-AC6A-477A0EECC7A0}.Release|Mixed Platforms.ActiveCfg = Release|Any CPU
		{65F8DDDE-D4CE-44F0-AC6A-477A0EECC7A0}.Release|Mixed Platforms.Build.0 = Release|Any CPU
		{65F8DDDE-D4CE-44F0-AC6A-477A0EECC7A0}.Release|x86.ActiveCfg = Release|Any CPU
	EndGlobalSection
	GlobalSection(SolutionProperties) = preSolution
		HideSolutionNode = FALSE
	EndGlobalSection
EndGlobal
